// !$*UTF8*$!
{
	archiveVersion = 1;
	classes = {
	};
	objectVersion = 50;
	objects = {

/* Begin PBXBuildFile section */
		4AA20A5E25CD0E2A00012341 /* AppDelegate.swift in Sources */ = {isa = PBXBuildFile; fileRef = 4AA20A5D25CD0E2A00012341 /* AppDelegate.swift */; };
		4AA20A6025CD0E2A00012341 /* SceneDelegate.swift in Sources */ = {isa = PBXBuildFile; fileRef = 4AA20A5F25CD0E2A00012341 /* SceneDelegate.swift */; };
		4AA20A6225CD0E2A00012341 /* CalculatorViewController.swift in Sources */ = {isa = PBXBuildFile; fileRef = 4AA20A6125CD0E2A00012341 /* CalculatorViewController.swift */; };
		4AA20A6525CD0E2A00012341 /* Main.storyboard in Resources */ = {isa = PBXBuildFile; fileRef = 4AA20A6325CD0E2A00012341 /* Main.storyboard */; };
		4AA20A6725CD0E2B00012341 /* Assets.xcassets in Resources */ = {isa = PBXBuildFile; fileRef = 4AA20A6625CD0E2B00012341 /* Assets.xcassets */; };
		4AA20A6A25CD0E2B00012341 /* LaunchScreen.storyboard in Resources */ = {isa = PBXBuildFile; fileRef = 4AA20A6825CD0E2B00012341 /* LaunchScreen.storyboard */; };
		4AA20A7625CDBBAF00012341 /* CalculatorBrain.swift in Sources */ = {isa = PBXBuildFile; fileRef = 4AA20A7525CDBBAF00012341 /* CalculatorBrain.swift */; };
/* End PBXBuildFile section */

/* Begin PBXFileReference section */
		4AA20A5A25CD0E2A00012341 /* RPCalculator.app */ = {isa = PBXFileReference; explicitFileType = wrapper.application; includeInIndex = 0; path = RPCalculator.app; sourceTree = BUILT_PRODUCTS_DIR; };
		4AA20A5D25CD0E2A00012341 /* AppDelegate.swift */ = {isa = PBXFileReference; lastKnownFileType = sourcecode.swift; path = AppDelegate.swift; sourceTree = "<group>"; };
		4AA20A5F25CD0E2A00012341 /* SceneDelegate.swift */ = {isa = PBXFileReference; lastKnownFileType = sourcecode.swift; path = SceneDelegate.swift; sourceTree = "<group>"; };
		4AA20A6125CD0E2A00012341 /* CalculatorViewController.swift */ = {isa = PBXFileReference; lastKnownFileType = sourcecode.swift; path = CalculatorViewController.swift; sourceTree = "<group>"; };
		4AA20A6425CD0E2A00012341 /* Base */ = {isa = PBXFileReference; lastKnownFileType = file.storyboard; name = Base; path = Base.lproj/Main.storyboard; sourceTree = "<group>"; };
		4AA20A6625CD0E2B00012341 /* Assets.xcassets */ = {isa = PBXFileReference; lastKnownFileType = folder.assetcatalog; path = Assets.xcassets; sourceTree = "<group>"; };
		4AA20A6925CD0E2B00012341 /* Base */ = {isa = PBXFileReference; lastKnownFileType = file.storyboard; name = Base; path = Base.lproj/LaunchScreen.storyboard; sourceTree = "<group>"; };
		4AA20A6B25CD0E2B00012341 /* Info.plist */ = {isa = PBXFileReference; lastKnownFileType = text.plist.xml; path = Info.plist; sourceTree = "<group>"; };
		4AA20A7525CDBBAF00012341 /* CalculatorBrain.swift */ = {isa = PBXFileReference; lastKnownFileType = sourcecode.swift; path = CalculatorBrain.swift; sourceTree = "<group>"; };
/* End PBXFileReference section */

/* Begin PBXFrameworksBuildPhase section */
		4AA20A5725CD0E2A00012341 /* Frameworks */ = {
			isa = PBXFrameworksBuildPhase;
			buildActionMask = 2147483647;
			files = (
			);
			runOnlyForDeploymentPostprocessing = 0;
		};
/* End PBXFrameworksBuildPhase section */

/* Begin PBXGroup section */
		4AA20A5125CD0E2A00012341 = {
			isa = PBXGroup;
			children = (
				4AA20A5C25CD0E2A00012341 /* RPCalculator */,
				4AA20A5B25CD0E2A00012341 /* Products */,
			);
			sourceTree = "<group>";
		};
		4AA20A5B25CD0E2A00012341 /* Products */ = {
			isa = PBXGroup;
			children = (
				4AA20A5A25CD0E2A00012341 /* RPCalculator.app */,
			);
			name = Products;
			sourceTree = "<group>";
		};
		4AA20A5C25CD0E2A00012341 /* RPCalculator */ = {
			isa = PBXGroup;
			children = (
				4AA20A6325CD0E2A00012341 /* Main.storyboard */,
				4AA20A6125CD0E2A00012341 /* CalculatorViewController.swift */,
				4AA20A7525CDBBAF00012341 /* CalculatorBrain.swift */,
				4AA20A7225CD0E4D00012341 /* Supporting Files */,
				4AA20A6B25CD0E2B00012341 /* Info.plist */,
			);
			path = RPCalculator;
			sourceTree = "<group>";
		};
		4AA20A7225CD0E4D00012341 /* Supporting Files */ = {
			isa = PBXGroup;
			children = (
				4AA20A5D25CD0E2A00012341 /* AppDelegate.swift */,
				4AA20A5F25CD0E2A00012341 /* SceneDelegate.swift */,
				4AA20A6625CD0E2B00012341 /* Assets.xcassets */,
				4AA20A6825CD0E2B00012341 /* LaunchScreen.storyboard */,
			);
			path = "Supporting Files";
			sourceTree = "<group>";
		};
/* End PBXGroup section */

/* Begin PBXNativeTarget section */
		4AA20A5925CD0E2A00012341 /* RPCalculator */ = {
			isa = PBXNativeTarget;
			buildConfigurationList = 4AA20A6E25CD0E2B00012341 /* Build configuration list for PBXNativeTarget "RPCalculator" */;
			buildPhases = (
				4AA20A5625CD0E2A00012341 /* Sources */,
				4AA20A5725CD0E2A00012341 /* Frameworks */,
				4AA20A5825CD0E2A00012341 /* Resources */,
			);
			buildRules = (
			);
			dependencies = (
			);
			name = RPCalculator;
			productName = RPCalculator;
			productReference = 4AA20A5A25CD0E2A00012341 /* RPCalculator.app */;
			productType = "com.apple.product-type.application";
		};
/* End PBXNativeTarget section */

/* Begin PBXProject section */
		4AA20A5225CD0E2A00012341 /* Project object */ = {
			isa = PBXProject;
			attributes = {
				LastSwiftUpdateCheck = 1240;
				LastUpgradeCheck = 1240;
				TargetAttributes = {
					4AA20A5925CD0E2A00012341 = {
						CreatedOnToolsVersion = 12.4;
					};
				};
			};
			buildConfigurationList = 4AA20A5525CD0E2A00012341 /* Build configuration list for PBXProject "RPCalculator" */;
			compatibilityVersion = "Xcode 9.3";
			developmentRegion = en;
			hasScannedForEncodings = 0;
			knownRegions = (
				en,
				Base,
			);
			mainGroup = 4AA20A5125CD0E2A00012341;
			productRefGroup = 4AA20A5B25CD0E2A00012341 /* Products */;
			projectDirPath = "";
			projectRoot = "";
			targets = (
				4AA20A5925CD0E2A00012341 /* RPCalculator */,
			);
		};
/* End PBXProject section */

/* Begin PBXResourcesBuildPhase section */
		4AA20A5825CD0E2A00012341 /* Resources */ = {
			isa = PBXResourcesBuildPhase;
			buildActionMask = 2147483647;
			files = (
				4AA20A6A25CD0E2B00012341 /* LaunchScreen.storyboard in Resources */,
				4AA20A6725CD0E2B00012341 /* Assets.xcassets in Resources */,
				4AA20A6525CD0E2A00012341 /* Main.storyboard in Resources */,
			);
			runOnlyForDeploymentPostprocessing = 0;
		};
/* End PBXResourcesBuildPhase section */

/* Begin PBXSourcesBuildPhase section */
		4AA20A5625CD0E2A00012341 /* Sources */ = {
			isa = PBXSourcesBuildPhase;
			buildActionMask = 2147483647;
			files = (
				4AA20A6225CD0E2A00012341 /* CalculatorViewController.swift in Sources */,
				4AA20A5E25CD0E2A00012341 /* AppDelegate.swift in Sources */,
				4AA20A7625CDBBAF00012341 /* CalculatorBrain.swift in Sources */,
				4AA20A6025CD0E2A00012341 /* SceneDelegate.swift in Sources */,
			);
			runOnlyForDeploymentPostprocessing = 0;
		};
/* End PBXSourcesBuildPhase section */

/* Begin PBXVariantGroup section */
		4AA20A6325CD0E2A00012341 /* Main.storyboard */ = {
			isa = PBXVariantGroup;
			children = (
				4AA20A6425CD0E2A00012341 /* Base */,
			);
			name = Main.storyboard;
			sourceTree = "<group>";
		};
		4AA20A6825CD0E2B00012341 /* LaunchScreen.storyboard */ = {
			isa = PBXVariantGroup;
			children = (
				4AA20A6925CD0E2B00012341 /* Base */,
			);
			name = LaunchScreen.storyboard;
			sourceTree = "<group>";
		};
/* End PBXVariantGroup section */

/* Begin XCBuildConfiguration section */
		4AA20A6C25CD0E2B00012341 /* Debug */ = {
			isa = XCBuildConfiguration;
			buildSettings = {
				ALWAYS_SEARCH_USER_PATHS = NO;
				CLANG_ANALYZER_NONNULL = YES;
				CLANG_ANALYZER_NUMBER_OBJECT_CONVERSION = YES_AGGRESSIVE;
				CLANG_CXX_LANGUAGE_STANDARD = "gnu++14";
				CLANG_CXX_LIBRARY = "libc++";
				CLANG_ENABLE_MODULES = YES;
				CLANG_ENABLE_OBJC_ARC = YES;
				CLANG_ENABLE_OBJC_WEAK = YES;
				CLANG_WARN_BLOCK_CAPTURE_AUTORELEASING = YES;
				CLANG_WARN_BOOL_CONVERSION = YES;
				CLANG_WARN_COMMA = YES;
				CLANG_WARN_CONSTANT_CONVERSION = YES;
				CLANG_WARN_DEPRECATED_OBJC_IMPLEMENTATIONS = YES;
				CLANG_WARN_DIRECT_OBJC_ISA_USAGE = YES_ERROR;
				CLANG_WARN_DOCUMENTATION_COMMENTS = YES;
				CLANG_WARN_EMPTY_BODY = YES;
				CLANG_WARN_ENUM_CONVERSION = YES;
				CLANG_WARN_INFINITE_RECURSION = YES;
				CLANG_WARN_INT_CONVERSION = YES;
				CLANG_WARN_NON_LITERAL_NULL_CONVERSION = YES;
				CLANG_WARN_OBJC_IMPLICIT_RETAIN_SELF = YES;
				CLANG_WARN_OBJC_LITERAL_CONVERSION = YES;
				CLANG_WARN_OBJC_ROOT_CLASS = YES_ERROR;
				CLANG_WARN_QUOTED_INCLUDE_IN_FRAMEWORK_HEADER = YES;
				CLANG_WARN_RANGE_LOOP_ANALYSIS = YES;
				CLANG_WARN_STRICT_PROTOTYPES = YES;
				CLANG_WARN_SUSPICIOUS_MOVE = YES;
				CLANG_WARN_UNGUARDED_AVAILABILITY = YES_AGGRESSIVE;
				CLANG_WARN_UNREACHABLE_CODE = YES;
				CLANG_WARN__DUPLICATE_METHOD_MATCH = YES;
				COPY_PHASE_STRIP = NO;
				DEBUG_INFORMATION_FORMAT = dwarf;
				ENABLE_STRICT_OBJC_MSGSEND = YES;
				ENABLE_TESTABILITY = YES;
				GCC_C_LANGUAGE_STANDARD = gnu11;
				GCC_DYNAMIC_NO_PIC = NO;
				GCC_NO_COMMON_BLOCKS = YES;
				GCC_OPTIMIZATION_LEVEL = 0;
				GCC_PREPROCESSOR_DEFINITIONS = (
					"DEBUG=1",
					"$(inherited)",
				);
				GCC_WARN_64_TO_32_BIT_CONVERSION = YES;
				GCC_WARN_ABOUT_RETURN_TYPE = YES_ERROR;
				GCC_WARN_UNDECLARED_SELECTOR = YES;
				GCC_WARN_UNINITIALIZED_AUTOS = YES_AGGRESSIVE;
				GCC_WARN_UNUSED_FUNCTION = YES;
				GCC_WARN_UNUSED_VARIABLE = YES;
				IPHONEOS_DEPLOYMENT_TARGET = 14.4;
				MTL_ENABLE_DEBUG_INFO = INCLUDE_SOURCE;
				MTL_FAST_MATH = YES;
				ONLY_ACTIVE_ARCH = YES;
				SDKROOT = iphoneos;
				SWIFT_ACTIVE_COMPILATION_CONDITIONS = DEBUG;
				SWIFT_OPTIMIZATION_LEVEL = "-Onone";
			};
			name = Debug;
		};
		4AA20A6D25CD0E2B00012341 /* Release */ = {
			isa = XCBuildConfiguration;
			buildSettings = {
				ALWAYS_SEARCH_USER_PATHS = NO;
				CLANG_ANALYZER_NONNULL = YES;
				CLANG_ANALYZER_NUMBER_OBJECT_CONVERSION = YES_AGGRESSIVE;
				CLANG_CXX_LANGUAGE_STANDARD = "gnu++14";
				CLANG_CXX_LIBRARY = "libc++";
				CLANG_ENABLE_MODULES = YES;
				CLANG_ENABLE_OBJC_ARC = YES;
				CLANG_ENABLE_OBJC_WEAK = YES;
				CLANG_WARN_BLOCK_CAPTURE_AUTORELEASING = YES;
				CLANG_WARN_BOOL_CONVERSION = YES;
				CLANG_WARN_COMMA = YES;
				CLANG_WARN_CONSTANT_CONVERSION = YES;
				CLANG_WARN_DEPRECATED_OBJC_IMPLEMENTATIONS = YES;
				CLANG_WARN_DIRECT_OBJC_ISA_USAGE = YES_ERROR;
				CLANG_WARN_DOCUMENTATION_COMMENTS = YES;
				CLANG_WARN_EMPTY_BODY = YES;
				CLANG_WARN_ENUM_CONVERSION = YES;
				CLANG_WARN_INFINITE_RECURSION = YES;
				CLANG_WARN_INT_CONVERSION = YES;
				CLANG_WARN_NON_LITERAL_NULL_CONVERSION = YES;
				CLANG_WARN_OBJC_IMPLICIT_RETAIN_SELF = YES;
				CLANG_WARN_OBJC_LITERAL_CONVERSION = YES;
				CLANG_WARN_OBJC_ROOT_CLASS = YES_ERROR;
				CLANG_WARN_QUOTED_INCLUDE_IN_FRAMEWORK_HEADER = YES;
				CLANG_WARN_RANGE_LOOP_ANALYSIS = YES;
				CLANG_WARN_STRICT_PROTOTYPES = YES;
				CLANG_WARN_SUSPICIOUS_MOVE = YES;
				CLANG_WARN_UNGUARDED_AVAILABILITY = YES_AGGRESSIVE;
				CLANG_WARN_UNREACHABLE_CODE = YES;
				CLANG_WARN__DUPLICATE_METHOD_MATCH = YES;
				COPY_PHASE_STRIP = NO;
				DEBUG_INFORMATION_FORMAT = "dwarf-with-dsym";
				ENABLE_NS_ASSERTIONS = NO;
				ENABLE_STRICT_OBJC_MSGSEND = YES;
				GCC_C_LANGUAGE_STANDARD = gnu11;
				GCC_NO_COMMON_BLOCKS = YES;
				GCC_WARN_64_TO_32_BIT_CONVERSION = YES;
				GCC_WARN_ABOUT_RETURN_TYPE = YES_ERROR;
				GCC_WARN_UNDECLARED_SELECTOR = YES;
				GCC_WARN_UNINITIALIZED_AUTOS = YES_AGGRESSIVE;
				GCC_WARN_UNUSED_FUNCTION = YES;
				GCC_WARN_UNUSED_VARIABLE = YES;
				IPHONEOS_DEPLOYMENT_TARGET = 14.4;
				MTL_ENABLE_DEBUG_INFO = NO;
				MTL_FAST_MATH = YES;
				SDKROOT = iphoneos;
				SWIFT_COMPILATION_MODE = wholemodule;
				SWIFT_OPTIMIZATION_LEVEL = "-O";
				VALIDATE_PRODUCT = YES;
			};
			name = Release;
		};
		4AA20A6F25CD0E2B00012341 /* Debug */ = {
			isa = XCBuildConfiguration;
			buildSettings = {
				ASSETCATALOG_COMPILER_APPICON_NAME = AppIcon;
				ASSETCATALOG_COMPILER_GLOBAL_ACCENT_COLOR_NAME = AccentColor;
				CODE_SIGN_STYLE = Automatic;
				DEVELOPMENT_TEAM = 65Z9KA7SHC;
				INFOPLIST_FILE = RPCalculator/Info.plist;
				LD_RUNPATH_SEARCH_PATHS = (
					"$(inherited)",
					"@executable_path/Frameworks",
				);
				PRODUCT_BUNDLE_IDENTIFIER = com.stern.RPCalculator;
				PRODUCT_NAME = "$(TARGET_NAME)";
				SWIFT_VERSION = 5.0;
				TARGETED_DEVICE_FAMILY = "1,2";
			};
			name = Debug;
		};
		4AA20A7025CD0E2B00012341 /* Release */ = {
			isa = XCBuildConfiguration;
			buildSettings = {
				ASSETCATALOG_COMPILER_APPICON_NAME = AppIcon;
				ASSETCATALOG_COMPILER_GLOBAL_ACCENT_COLOR_NAME = AccentColor;
				CODE_SIGN_STYLE = Automatic;
				DEVELOPMENT_TEAM = 65Z9KA7SHC;
				INFOPLIST_FILE = RPCalculator/Info.plist;
				LD_RUNPATH_SEARCH_PATHS = (
					"$(inherited)",
					"@executable_path/Frameworks",
				);
				PRODUCT_BUNDLE_IDENTIFIER = com.stern.RPCalculator;
				PRODUCT_NAME = "$(TARGET_NAME)";
				SWIFT_VERSION = 5.0;
				TARGETED_DEVICE_FAMILY = "1,2";
			};
			name = Release;
		};
/* End XCBuildConfiguration section */

/* Begin XCConfigurationList section */
		4AA20A5525CD0E2A00012341 /* Build configuration list for PBXProject "RPCalculator" */ = {
			isa = XCConfigurationList;
			buildConfigurations = (
				4AA20A6C25CD0E2B00012341 /* Debug */,
				4AA20A6D25CD0E2B00012341 /* Release */,
			);
			defaultConfigurationIsVisible = 0;
			defaultConfigurationName = Release;
		};
		4AA20A6E25CD0E2B00012341 /* Build configuration list for PBXNativeTarget "RPCalculator" */ = {
			isa = XCConfigurationList;
			buildConfigurations = (
				4AA20A6F25CD0E2B00012341 /* Debug */,
				4AA20A7025CD0E2B00012341 /* Release */,
			);
			defaultConfigurationIsVisible = 0;
			defaultConfigurationName = Release;
		};
/* End XCConfigurationList section */
	};
	rootObject = 4AA20A5225CD0E2A00012341 /* Project object */;
}
